
Microsoft Visual Studio Solution File, Format Version 12.00
# Visual Studio Version 17
VisualStudioVersion = 17.13.35931.197
MinimumVisualStudioVersion = 10.0.40219.1
Project("{FAE04EC0-301F-11D3-BF4B-00C04F79EFBC}") = "ProjekUASFrameworkSistemBK", "ProjekUASFrameworkSistemBK.csproj", "{B6BB515C-72AE-4F23-80BD-A0FBCDAE1275}"
EndProject
Project("{FAE04EC0-301F-11D3-BF4B-00C04F79EFBC}") = "SistemBKUnitTesting", "..\SistemBKUnit\SistemBKUnitTesting.csproj", "{ADCDCC36-C4C3-4711-9DA4-441331AFE8F5}"
EndProject
Global
	GlobalSection(SolutionConfigurationPlatforms) = preSolution
		Debug|Any CPU = Debug|Any CPU
		Release|Any CPU = Release|Any CPU
	EndGlobalSection
	GlobalSection(ProjectConfigurationPlatforms) = postSolution
		{B6BB515C-72AE-4F23-80BD-A0FBCDAE1275}.Debug|Any CPU.ActiveCfg = Debug|Any CPU
		{B6BB515C-72AE-4F23-80BD-A0FBCDAE1275}.Debug|Any CPU.Build.0 = Debug|Any CPU
		{B6BB515C-72AE-4F23-80BD-A0FBCDAE1275}.Release|Any CPU.ActiveCfg = Release|Any CPU
		{B6BB515C-72AE-4F23-80BD-A0FBCDAE1275}.Release|Any CPU.Build.0 = Release|Any CPU
		{ADCDCC36-C4C3-4711-9DA4-441331AFE8F5}.Debug|Any CPU.ActiveCfg = Debug|Any CPU
		{ADCDCC36-C4C3-4711-9DA4-441331AFE8F5}.Debug|Any CPU.Build.0 = Debug|Any CPU
		{ADCDCC36-C4C3-4711-9DA4-441331AFE8F5}.Release|Any CPU.ActiveCfg = Release|Any CPU
		{ADCDCC36-C4C3-4711-9DA4-441331AFE8F5}.Release|Any CPU.Build.0 = Release|Any CPU
	EndGlobalSection
	GlobalSection(SolutionProperties) = preSolution
		HideSolutionNode = FALSE
	EndGlobalSection
	GlobalSection(ExtensibilityGlobals) = postSolution
		SolutionGuid = {168FD931-485B-49CA-BC8D-1A0072A0D12A}
	EndGlobalSection
EndGlobal
